PODS:
  - NMapsGeometry (1.0.2)
  - NMapsMap (3.20.0):
    - NMapsGeometry

DEPENDENCIES:
  - NMapsMap

SPEC REPOS:
  trunk:
    - NMapsGeometry
    - NMapsMap

SPEC CHECKSUMS:
  NMapsGeometry: 4e02554fa9880ef02ed96b075dc84355d6352479
  NMapsMap: bc5ea361ba29fc7c83dd8998f4497a77c75b4c66

PODFILE CHECKSUM: 3e542edd2a6d5b30371b0a8609a79dbc4044e2f8

COCOAPODS: 1.16.2
